
Microsoft Visual Studio Solution File, Format Version 12.00
# Visual Studio Version 16
VisualStudioVersion = 16.0.31729.503
MinimumVisualStudioVersion = 10.0.40219.1
Project("{FAE04EC0-301F-11D3-BF4B-00C04F79EFBC}") = "EscolaAPI", "EscolaAPI\EscolaAPI.csproj", "{8BAC4EA3-53EC-453A-86B3-1F4412544D33}"
EndProject
Global
	GlobalSection(SolutionConfigurationPlatforms) = preSolution
		Debug|Any CPU = Debug|Any CPU
		Release|Any CPU = Release|Any CPU
	EndGlobalSection
	GlobalSection(ProjectConfigurationPlatforms) = postSolution
		{8BAC4EA3-53EC-453A-86B3-1F4412544D33}.Debug|Any CPU.ActiveCfg = Debug|Any CPU
		{8BAC4EA3-53EC-453A-86B3-1F4412544D33}.Debug|Any CPU.Build.0 = Debug|Any CPU
		{8BAC4EA3-53EC-453A-86B3-1F4412544D33}.Release|Any CPU.ActiveCfg = Release|Any CPU
		{8BAC4EA3-53EC-453A-86B3-1F4412544D33}.Release|Any CPU.Build.0 = Release|Any CPU
	EndGlobalSection
	GlobalSection(SolutionProperties) = preSolution
		HideSolutionNode = FALSE
	EndGlobalSection
	GlobalSection(ExtensibilityGlobals) = postSolution
		SolutionGuid = {8C6E11A7-798B-4AB8-9055-07C7C7BBE22B}
	EndGlobalSection
EndGlobal
